
Microsoft Visual Studio Solution File, Format Version 12.00
# Visual Studio Version 17
VisualStudioVersion = 17.9.34728.123
MinimumVisualStudioVersion = 10.0.40219.1
Project("{FAE04EC0-301F-11D3-BF4B-00C04F79EFBC}") = "WebApplication6", "WebApplication6\WebApplication6.csproj", "{0FAB2DF8-7F7C-413D-997F-C40744782454}"
EndProject
Global
	GlobalSection(SolutionConfigurationPlatforms) = preSolution
		Debug|Any CPU = Debug|Any CPU
		Release|Any CPU = Release|Any CPU
	EndGlobalSection
	GlobalSection(ProjectConfigurationPlatforms) = postSolution
		{0FAB2DF8-7F7C-413D-997F-C40744782454}.Debug|Any CPU.ActiveCfg = Debug|Any CPU
		{0FAB2DF8-7F7C-413D-997F-C40744782454}.Debug|Any CPU.Build.0 = Debug|Any CPU
		{0FAB2DF8-7F7C-413D-997F-C40744782454}.Release|Any CPU.ActiveCfg = Release|Any CPU
		{0FAB2DF8-7F7C-413D-997F-C40744782454}.Release|Any CPU.Build.0 = Release|Any CPU
	EndGlobalSection
	GlobalSection(SolutionProperties) = preSolution
		HideSolutionNode = FALSE
	EndGlobalSection
	GlobalSection(ExtensibilityGlobals) = postSolution
		SolutionGuid = {B5925DCA-D58E-4C84-A264-703EE755C1C3}
	EndGlobalSection
EndGlobal
